{
  "object": {
    "pins": [
      {
        "package": "Stem",
        "repositoryURL": "https://github.com/linhay/Stem.git",
        "state": {
          "branch": null,
          "revision": "8da41c3fda34b846964b6352497794782799cf6e",
          "version": "1.0.6"
        }
      },
      {
        "package": "swift-argument-parser",
        "repositoryURL": "https://github.com/apple/swift-argument-parser",
        "state": {
          "branch": null,
          "revision": "e394bf350e38cb100b6bc4172834770ede1b7232",
          "version": "1.0.3"
        }
      },
      {
        "package": "swift-cgit2",
        "repositoryURL": "https://github.com/linhay/swift-cgit2",
        "state": {
          "branch": "main",
          "revision": "f1c5e899dd8cbd3199ceffc4cae22447890ca284",
          "version": null
        }
      },
      {
        "package": "swift-log",
        "repositoryURL": "https://github.com/apple/swift-log.git",
        "state": {
          "branch": null,
          "revision": "5d66f7ba25daf4f94100e7022febf3c75e37a6c7",
          "version": "1.4.2"
        }
      },
      {
        "package": "SwiftShell",
        "repositoryURL": "https://github.com/kareman/SwiftShell.git",
        "state": {
          "branch": null,
          "revision": "99680b2efc7c7dbcace1da0b3979d266f02e213c",
          "version": "5.1.0"
        }
      },
      {
        "package": "Yams",
        "repositoryURL": "https://github.com/jpsim/Yams.git",
        "state": {
          "branch": null,
          "revision": "9ff1cc9327586db4e0c8f46f064b6a82ec1566fa",
          "version": "4.0.6"
        }
      }
    ]
  },
  "version": 1
}
