{
  "pins" : [
    {
      "identity" : "collectionconcurrencykit",
      "kind" : "remoteSourceControl",
      "location" : "https://github.com/JohnSundell/CollectionConcurrencyKit",
      "state" : {
        "revision" : "b4f23e24b5a1bff301efc5e70871083ca029ff95",
        "version" : "0.2.0"
      }
    },
    {
      "identity" : "stcolor",
      "kind" : "remoteSourceControl",
      "location" : "https://github.com/linhay/STColor.git",
      "state" : {
        "revision" : "18b47d9d8a5b6ca71894a6c946197db663eadfa1",
        "version" : "1.0.0"
      }
    },
    {
      "identity" : "stem",
      "kind" : "remoteSourceControl",
      "location" : "git@github.com:linhay/Stem.git",
      "state" : {
        "revision" : "fe88a25503aa55313938008a781d9bf8dc821c74",
        "version" : "2.1.0"
      }
    },
    {
      "identity" : "stjson",
      "kind" : "remoteSourceControl",
      "location" : "https://github.com/linhay/STJSON.git",
      "state" : {
        "revision" : "21560e25f8e2042928253b74a31529295924a0cd",
        "version" : "1.4.2"
      }
    },
    {
      "identity" : "swift-argument-parser",
      "kind" : "remoteSourceControl",
      "location" : "https://github.com/apple/swift-argument-parser.git",
      "state" : {
        "revision" : "c5d11a805e765f52ba34ec7284bd4fcd6ba68615",
        "version" : "1.7.0"
      }
    },
    {
      "identity" : "swift-git",
      "kind" : "remoteSourceControl",
      "location" : "https://github.com/linhay/swift-git",
      "state" : {
        "revision" : "ae5f5247a4835d773d2282f7a785eb50e96c0d2f",
        "version" : "2.0.3"
      }
    },
    {
      "identity" : "swift-log",
      "kind" : "remoteSourceControl",
      "location" : "https://github.com/apple/swift-log.git",
      "state" : {
        "revision" : "bc386b95f2a16ccd0150a8235e7c69eab2b866ca",
        "version" : "1.8.0"
      }
    },
    {
      "identity" : "swiftsoup",
      "kind" : "remoteSourceControl",
      "location" : "https://github.com/scinfu/SwiftSoup.git",
      "state" : {
        "revision" : "0837db354faf9c9deb710dc597046edaadf5360f",
        "version" : "2.7.6"
      }
    },
    {
      "identity" : "yams",
      "kind" : "remoteSourceControl",
      "location" : "https://github.com/jpsim/Yams.git",
      "state" : {
        "revision" : "51b5127c7fb6ffac106ad6d199aaa33c5024895f",
        "version" : "6.2.0"
      }
    }
  ],
  "version" : 2
}
